// !$*UTF8*$!
{
	archiveVersion = 1;
	classes = {
	};
	objectVersion = 46;
	objects = {

/* Begin PBXBuildFile section */
		4805AA691E5A9F8F00A10DEB /* main.m in Sources */ = {isa = PBXBuildFile; fileRef = 4805AA681E5A9F8F00A10DEB /* main.m */; };
		4805AA6C1E5A9F8F00A10DEB /* AppDelegate.m in Sources */ = {isa = PBXBuildFile; fileRef = 4805AA6B1E5A9F8F00A10DEB /* AppDelegate.m */; };
		4805AA6F1E5A9F8F00A10DEB /* ViewController.m in Sources */ = {isa = PBXBuildFile; fileRef = 4805AA6E1E5A9F8F00A10DEB /* ViewController.m */; };
		4805AA721E5A9F8F00A10DEB /* Main.storyboard in Resources */ = {isa = PBXBuildFile; fileRef = 4805AA701E5A9F8F00A10DEB /* Main.storyboard */; };
		4805AA741E5A9F8F00A10DEB /* Assets.xcassets in Resources */ = {isa = PBXBuildFile; fileRef = 4805AA731E5A9F8F00A10DEB /* Assets.xcassets */; };
		4805AA771E5A9F8F00A10DEB /* LaunchScreen.storyboard in Resources */ = {isa = PBXBuildFile; fileRef = 4805AA751E5A9F8F00A10DEB /* LaunchScreen.storyboard */; };
		4805AA821E5A9F8F00A10DEB /* gitTests.m in Sources */ = {isa = PBXBuildFile; fileRef = 4805AA811E5A9F8F00A10DEB /* gitTests.m */; };
		4805AA8D1E5A9F8F00A10DEB /* gitUITests.m in Sources */ = {isa = PBXBuildFile; fileRef = 4805AA8C1E5A9F8F00A10DEB /* gitUITests.m */; };
/* End PBXBuildFile section */

/* Begin PBXContainerItemProxy section */
		4805AA7E1E5A9F8F00A10DEB /* PBXContainerItemProxy */ = {
			isa = PBXContainerItemProxy;
			containerPortal = 4805AA5C1E5A9F8F00A10DEB /* Project object */;
			proxyType = 1;
			remoteGlobalIDString = 4805AA631E5A9F8F00A10DEB;
			remoteInfo = git;
		};
		4805AA891E5A9F8F00A10DEB /* PBXContainerItemProxy */ = {
			isa = PBXContainerItemProxy;
			containerPortal = 4805AA5C1E5A9F8F00A10DEB /* Project object */;
			proxyType = 1;
			remoteGlobalIDString = 4805AA631E5A9F8F00A10DEB;
			remoteInfo = git;
		};
/* End PBXContainerItemProxy section */

/* Begin PBXFileReference section */
		4805AA641E5A9F8F00A10DEB /* git.app */ = {isa = PBXFileReference; explicitFileType = wrapper.application; includeInIndex = 0; path = git.app; sourceTree = BUILT_PRODUCTS_DIR; };
		4805AA681E5A9F8F00A10DEB /* main.m */ = {isa = PBXFileReference; lastKnownFileType = sourcecode.c.objc; path = main.m; sourceTree = "<group>"; };
		4805AA6A1E5A9F8F00A10DEB /* AppDelegate.h */ = {isa = PBXFileReference; lastKnownFileType = sourcecode.c.h; path = AppDelegate.h; sourceTree = "<group>"; };
		4805AA6B1E5A9F8F00A10DEB /* AppDelegate.m */ = {isa = PBXFileReference; lastKnownFileType = sourcecode.c.objc; path = AppDelegate.m; sourceTree = "<group>"; };
		4805AA6D1E5A9F8F00A10DEB /* ViewController.h */ = {isa = PBXFileReference; lastKnownFileType = sourcecode.c.h; path = ViewController.h; sourceTree = "<group>"; };
		4805AA6E1E5A9F8F00A10DEB /* ViewController.m */ = {isa = PBXFileReference; lastKnownFileType = sourcecode.c.objc; path = ViewController.m; sourceTree = "<group>"; };
		4805AA711E5A9F8F00A10DEB /* Base */ = {isa = PBXFileReference; lastKnownFileType = file.storyboard; name = Base; path = Base.lproj/Main.storyboard; sourceTree = "<group>"; };
		4805AA731E5A9F8F00A10DEB /* Assets.xcassets */ = {isa = PBXFileReference; lastKnownFileType = folder.assetcatalog; path = Assets.xcassets; sourceTree = "<group>"; };
		4805AA761E5A9F8F00A10DEB /* Base */ = {isa = PBXFileReference; lastKnownFileType = file.storyboard; name = Base; path = Base.lproj/LaunchScreen.storyboard; sourceTree = "<group>"; };
		4805AA781E5A9F8F00A10DEB /* Info.plist */ = {isa = PBXFileReference; lastKnownFileType = text.plist.xml; path = Info.plist; sourceTree = "<group>"; };
		4805AA7D1E5A9F8F00A10DEB /* gitTests.xctest */ = {isa = PBXFileReference; explicitFileType = wrapper.cfbundle; includeInIndex = 0; path = gitTests.xctest; sourceTree = BUILT_PRODUCTS_DIR; };
		4805AA811E5A9F8F00A10DEB /* gitTests.m */ = {isa = PBXFileReference; lastKnownFileType = sourcecode.c.objc; path = gitTests.m; sourceTree = "<group>"; };
		4805AA831E5A9F8F00A10DEB /* Info.plist */ = {isa = PBXFileReference; lastKnownFileType = text.plist.xml; path = Info.plist; sourceTree = "<group>"; };
		4805AA881E5A9F8F00A10DEB /* gitUITests.xctest */ = {isa = PBXFileReference; explicitFileType = wrapper.cfbundle; includeInIndex = 0; path = gitUITests.xctest; sourceTree = BUILT_PRODUCTS_DIR; };
		4805AA8C1E5A9F8F00A10DEB /* gitUITests.m */ = {isa = PBXFileReference; lastKnownFileType = sourcecode.c.objc; path = gitUITests.m; sourceTree = "<group>"; };
		4805AA8E1E5A9F8F00A10DEB /* Info.plist */ = {isa = PBXFileReference; lastKnownFileType = text.plist.xml; path = Info.plist; sourceTree = "<group>"; };
/* End PBXFileReference section */

/* Begin PBXFrameworksBuildPhase section */
		4805AA611E5A9F8F00A10DEB /* Frameworks */ = {
			isa = PBXFrameworksBuildPhase;
			buildActionMask = 2147483647;
			files = (
			);
			runOnlyForDeploymentPostprocessing = 0;
		};
		4805AA7A1E5A9F8F00A10DEB /* Frameworks */ = {
			isa = PBXFrameworksBuildPhase;
			buildActionMask = 2147483647;
			files = (
			);
			runOnlyForDeploymentPostprocessing = 0;
		};
		4805AA851E5A9F8F00A10DEB /* Frameworks */ = {
			isa = PBXFrameworksBuildPhase;
			buildActionMask = 2147483647;
			files = (
			);
			runOnlyForDeploymentPostprocessing = 0;
		};
/* End PBXFrameworksBuildPhase section */

/* Begin PBXGroup section */
		4805AA5B1E5A9F8F00A10DEB = {
			isa = PBXGroup;
			children = (
				4805AA661E5A9F8F00A10DEB /* git */,
				4805AA801E5A9F8F00A10DEB /* gitTests */,
				4805AA8B1E5A9F8F00A10DEB /* gitUITests */,
				4805AA651E5A9F8F00A10DEB /* Products */,
			);
			sourceTree = "<group>";
		};
		4805AA651E5A9F8F00A10DEB /* Products */ = {
			isa = PBXGroup;
			children = (
				4805AA641E5A9F8F00A10DEB /* git.app */,
				4805AA7D1E5A9F8F00A10DEB /* gitTests.xctest */,
				4805AA881E5A9F8F00A10DEB /* gitUITests.xctest */,
			);
			name = Products;
			sourceTree = "<group>";
		};
		4805AA661E5A9F8F00A10DEB /* git */ = {
			isa = PBXGroup;
			children = (
				4805AA6A1E5A9F8F00A10DEB /* AppDelegate.h */,
				4805AA6B1E5A9F8F00A10DEB /* AppDelegate.m */,
				4805AA6D1E5A9F8F00A10DEB /* ViewController.h */,
				4805AA6E1E5A9F8F00A10DEB /* ViewController.m */,
				4805AA701E5A9F8F00A10DEB /* Main.storyboard */,
				4805AA731E5A9F8F00A10DEB /* Assets.xcassets */,
				4805AA751E5A9F8F00A10DEB /* LaunchScreen.storyboard */,
				4805AA781E5A9F8F00A10DEB /* Info.plist */,
				4805AA671E5A9F8F00A10DEB /* Supporting Files */,
			);
			path = git;
			sourceTree = "<group>";
		};
		4805AA671E5A9F8F00A10DEB /* Supporting Files */ = {
			isa = PBXGroup;
			children = (
				4805AA681E5A9F8F00A10DEB /* main.m */,
			);
			name = "Supporting Files";
			sourceTree = "<group>";
		};
		4805AA801E5A9F8F00A10DEB /* gitTests */ = {
			isa = PBXGroup;
			children = (
				4805AA811E5A9F8F00A10DEB /* gitTests.m */,
				4805AA831E5A9F8F00A10DEB /* Info.plist */,
			);
			path = gitTests;
			sourceTree = "<group>";
		};
		4805AA8B1E5A9F8F00A10DEB /* gitUITests */ = {
			isa = PBXGroup;
			children = (
				4805AA8C1E5A9F8F00A10DEB /* gitUITests.m */,
				4805AA8E1E5A9F8F00A10DEB /* Info.plist */,
			);
			path = gitUITests;
			sourceTree = "<group>";
		};
/* End PBXGroup section */

/* Begin PBXNativeTarget section */
		4805AA631E5A9F8F00A10DEB /* git */ = {
			isa = PBXNativeTarget;
			buildConfigurationList = 4805AA911E5A9F8F00A10DEB /* Build configuration list for PBXNativeTarget "git" */;
			buildPhases = (
				4805AA601E5A9F8F00A10DEB /* Sources */,
				4805AA611E5A9F8F00A10DEB /* Frameworks */,
				4805AA621E5A9F8F00A10DEB /* Resources */,
			);
			buildRules = (
			);
			dependencies = (
			);
			name = git;
			productName = git;
			productReference = 4805AA641E5A9F8F00A10DEB /* git.app */;
			productType = "com.apple.product-type.application";
		};
		4805AA7C1E5A9F8F00A10DEB /* gitTests */ = {
			isa = PBXNativeTarget;
			buildConfigurationList = 4805AA941E5A9F8F00A10DEB /* Build configuration list for PBXNativeTarget "gitTests" */;
			buildPhases = (
				4805AA791E5A9F8F00A10DEB /* Sources */,
				4805AA7A1E5A9F8F00A10DEB /* Frameworks */,
				4805AA7B1E5A9F8F00A10DEB /* Resources */,
			);
			buildRules = (
			);
			dependencies = (
				4805AA7F1E5A9F8F00A10DEB /* PBXTargetDependency */,
			);
			name = gitTests;
			productName = gitTests;
			productReference = 4805AA7D1E5A9F8F00A10DEB /* gitTests.xctest */;
			productType = "com.apple.product-type.bundle.unit-test";
		};
		4805AA871E5A9F8F00A10DEB /* gitUITests */ = {
			isa = PBXNativeTarget;
			buildConfigurationList = 4805AA971E5A9F8F00A10DEB /* Build configuration list for PBXNativeTarget "gitUITests" */;
			buildPhases = (
				4805AA841E5A9F8F00A10DEB /* Sources */,
				4805AA851E5A9F8F00A10DEB /* Frameworks */,
				4805AA861E5A9F8F00A10DEB /* Resources */,
			);
			buildRules = (
			);
			dependencies = (
				4805AA8A1E5A9F8F00A10DEB /* PBXTargetDependency */,
			);
			name = gitUITests;
			productName = gitUITests;
			productReference = 4805AA881E5A9F8F00A10DEB /* gitUITests.xctest */;
			productType = "com.apple.product-type.bundle.ui-testing";
		};
/* End PBXNativeTarget section */

/* Begin PBXProject section */
		4805AA5C1E5A9F8F00A10DEB /* Project object */ = {
			isa = PBXProject;
			attributes = {
				LastUpgradeCheck = 0720;
				ORGANIZATIONNAME = yueling;
				TargetAttributes = {
					4805AA631E5A9F8F00A10DEB = {
						CreatedOnToolsVersion = 7.2.1;
						DevelopmentTeam = 3S5TMAE5S2;
					};
					4805AA7C1E5A9F8F00A10DEB = {
						CreatedOnToolsVersion = 7.2.1;
						DevelopmentTeam = 3S5TMAE5S2;
						TestTargetID = 4805AA631E5A9F8F00A10DEB;
					};
					4805AA871E5A9F8F00A10DEB = {
						CreatedOnToolsVersion = 7.2.1;
						DevelopmentTeam = 3S5TMAE5S2;
						TestTargetID = 4805AA631E5A9F8F00A10DEB;
					};
				};
			};
			buildConfigurationList = 4805AA5F1E5A9F8F00A10DEB /* Build configuration list for PBXProject "git" */;
			compatibilityVersion = "Xcode 3.2";
			developmentRegion = English;
			hasScannedForEncodings = 0;
			knownRegions = (
				en,
				Base,
			);
			mainGroup = 4805AA5B1E5A9F8F00A10DEB;
			productRefGroup = 4805AA651E5A9F8F00A10DEB /* Products */;
			projectDirPath = "";
			projectRoot = "";
			targets = (
				4805AA631E5A9F8F00A10DEB /* git */,
				4805AA7C1E5A9F8F00A10DEB /* gitTests */,
				4805AA871E5A9F8F00A10DEB /* gitUITests */,
			);
		};
/* End PBXProject section */

/* Begin PBXResourcesBuildPhase section */
		4805AA621E5A9F8F00A10DEB /* Resources */ = {
			isa = PBXResourcesBuildPhase;
			buildActionMask = 2147483647;
			files = (
				4805AA771E5A9F8F00A10DEB /* LaunchScreen.storyboard in Resources */,
				4805AA741E5A9F8F00A10DEB /* Assets.xcassets in Resources */,
				4805AA721E5A9F8F00A10DEB /* Main.storyboard in Resources */,
			);
			runOnlyForDeploymentPostprocessing = 0;
		};
		4805AA7B1E5A9F8F00A10DEB /* Resources */ = {
			isa = PBXResourcesBuildPhase;
			buildActionMask = 2147483647;
			files = (
			);
			runOnlyForDeploymentPostprocessing = 0;
		};
		4805AA861E5A9F8F00A10DEB /* Resources */ = {
			isa = PBXResourcesBuildPhase;
			buildActionMask = 2147483647;
			files = (
			);
			runOnlyForDeploymentPostprocessing = 0;
		};
/* End PBXResourcesBuildPhase section */

/* Begin PBXSourcesBuildPhase section */
		4805AA601E5A9F8F00A10DEB /* Sources */ = {
			isa = PBXSourcesBuildPhase;
			buildActionMask = 2147483647;
			files = (
				4805AA6F1E5A9F8F00A10DEB /* ViewController.m in Sources */,
				4805AA6C1E5A9F8F00A10DEB /* AppDelegate.m in Sources */,
				4805AA691E5A9F8F00A10DEB /* main.m in Sources */,
			);
			runOnlyForDeploymentPostprocessing = 0;
		};
		4805AA791E5A9F8F00A10DEB /* Sources */ = {
			isa = PBXSourcesBuildPhase;
			buildActionMask = 2147483647;
			files = (
				4805AA821E5A9F8F00A10DEB /* gitTests.m in Sources */,
			);
			runOnlyForDeploymentPostprocessing = 0;
		};
		4805AA841E5A9F8F00A10DEB /* Sources */ = {
			isa = PBXSourcesBuildPhase;
			buildActionMask = 2147483647;
			files = (
				4805AA8D1E5A9F8F00A10DEB /* gitUITests.m in Sources */,
			);
			runOnlyForDeploymentPostprocessing = 0;
		};
/* End PBXSourcesBuildPhase section */

/* Begin PBXTargetDependency section */
		4805AA7F1E5A9F8F00A10DEB /* PBXTargetDependency */ = {
			isa = PBXTargetDependency;
			target = 4805AA631E5A9F8F00A10DEB /* git */;
			targetProxy = 4805AA7E1E5A9F8F00A10DEB /* PBXContainerItemProxy */;
		};
		4805AA8A1E5A9F8F00A10DEB /* PBXTargetDependency */ = {
			isa = PBXTargetDependency;
			target = 4805AA631E5A9F8F00A10DEB /* git */;
			targetProxy = 4805AA891E5A9F8F00A10DEB /* PBXContainerItemProxy */;
		};
/* End PBXTargetDependency section */

/* Begin PBXVariantGroup section */
		4805AA701E5A9F8F00A10DEB /* Main.storyboard */ = {
			isa = PBXVariantGroup;
			children = (
				4805AA711E5A9F8F00A10DEB /* Base */,
			);
			name = Main.storyboard;
			sourceTree = "<group>";
		};
		4805AA751E5A9F8F00A10DEB /* LaunchScreen.storyboard */ = {
			isa = PBXVariantGroup;
			children = (
				4805AA761E5A9F8F00A10DEB /* Base */,
			);
			name = LaunchScreen.storyboard;
			sourceTree = "<group>";
		};
/* End PBXVariantGroup section */

/* Begin XCBuildConfiguration section */
		4805AA8F1E5A9F8F00A10DEB /* Debug */ = {
			isa = XCBuildConfiguration;
			buildSettings = {
				ALWAYS_SEARCH_USER_PATHS = NO;
				CLANG_CXX_LANGUAGE_STANDARD = "gnu++0x";
				CLANG_CXX_LIBRARY = "libc++";
				CLANG_ENABLE_MODULES = YES;
				CLANG_ENABLE_OBJC_ARC = YES;
				CLANG_WARN_BOOL_CONVERSION = YES;
				CLANG_WARN_CONSTANT_CONVERSION = YES;
				CLANG_WARN_DIRECT_OBJC_ISA_USAGE = YES_ERROR;
				CLANG_WARN_EMPTY_BODY = YES;
				CLANG_WARN_ENUM_CONVERSION = YES;
				CLANG_WARN_INT_CONVERSION = YES;
				CLANG_WARN_OBJC_ROOT_CLASS = YES_ERROR;
				CLANG_WARN_UNREACHABLE_CODE = YES;
				CLANG_WARN__DUPLICATE_METHOD_MATCH = YES;
				"CODE_SIGN_IDENTITY[sdk=iphoneos*]" = "iPhone Developer";
				COPY_PHASE_STRIP = NO;
				DEBUG_INFORMATION_FORMAT = dwarf;
				ENABLE_STRICT_OBJC_MSGSEND = YES;
				ENABLE_TESTABILITY = YES;
				GCC_C_LANGUAGE_STANDARD = gnu99;
				GCC_DYNAMIC_NO_PIC = NO;
				GCC_NO_COMMON_BLOCKS = YES;
				GCC_OPTIMIZATION_LEVEL = 0;
				GCC_PREPROCESSOR_DEFINITIONS = (
					"DEBUG=1",
					"$(inherited)",
				);
				GCC_WARN_64_TO_32_BIT_CONVERSION = YES;
				GCC_WARN_ABOUT_RETURN_TYPE = YES_ERROR;
				GCC_WARN_UNDECLARED_SELECTOR = YES;
				GCC_WARN_UNINITIALIZED_AUTOS = YES_AGGRESSIVE;
				GCC_WARN_UNUSED_FUNCTION = YES;
				GCC_WARN_UNUSED_VARIABLE = YES;
				IPHONEOS_DEPLOYMENT_TARGET = 9.2;
				MTL_ENABLE_DEBUG_INFO = YES;
				ONLY_ACTIVE_ARCH = YES;
				SDKROOT = iphoneos;
				TARGETED_DEVICE_FAMILY = "1,2";
			};
			name = Debug;
		};
		4805AA901E5A9F8F00A10DEB /* Release */ = {
			isa = XCBuildConfiguration;
			buildSettings = {
				ALWAYS_SEARCH_USER_PATHS = NO;
				CLANG_CXX_LANGUAGE_STANDARD = "gnu++0x";
				CLANG_CXX_LIBRARY = "libc++";
				CLANG_ENABLE_MODULES = YES;
				CLANG_ENABLE_OBJC_ARC = YES;
				CLANG_WARN_BOOL_CONVERSION = YES;
				CLANG_WARN_CONSTANT_CONVERSION = YES;
				CLANG_WARN_DIRECT_OBJC_ISA_USAGE = YES_ERROR;
				CLANG_WARN_EMPTY_BODY = YES;
				CLANG_WARN_ENUM_CONVERSION = YES;
				CLANG_WARN_INT_CONVERSION = YES;
				CLANG_WARN_OBJC_ROOT_CLASS = YES_ERROR;
				CLANG_WARN_UNREACHABLE_CODE = YES;
				CLANG_WARN__DUPLICATE_METHOD_MATCH = YES;
				"CODE_SIGN_IDENTITY[sdk=iphoneos*]" = "iPhone Developer";
				COPY_PHASE_STRIP = NO;
				DEBUG_INFORMATION_FORMAT = "dwarf-with-dsym";
				ENABLE_NS_ASSERTIONS = NO;
				ENABLE_STRICT_OBJC_MSGSEND = YES;
				GCC_C_LANGUAGE_STANDARD = gnu99;
				GCC_NO_COMMON_BLOCKS = YES;
				GCC_WARN_64_TO_32_BIT_CONVERSION = YES;
				GCC_WARN_ABOUT_RETURN_TYPE = YES_ERROR;
				GCC_WARN_UNDECLARED_SELECTOR = YES;
				GCC_WARN_UNINITIALIZED_AUTOS = YES_AGGRESSIVE;
				GCC_WARN_UNUSED_FUNCTION = YES;
				GCC_WARN_UNUSED_VARIABLE = YES;
				IPHONEOS_DEPLOYMENT_TARGET = 9.2;
				MTL_ENABLE_DEBUG_INFO = NO;
				SDKROOT = iphoneos;
				TARGETED_DEVICE_FAMILY = "1,2";
				VALIDATE_PRODUCT = YES;
			};
			name = Release;
		};
		4805AA921E5A9F8F00A10DEB /* Debug */ = {
			isa = XCBuildConfiguration;
			buildSettings = {
				ASSETCATALOG_COMPILER_APPICON_NAME = AppIcon;
				INFOPLIST_FILE = git/Info.plist;
				LD_RUNPATH_SEARCH_PATHS = "$(inherited) @executable_path/Frameworks";
				PRODUCT_BUNDLE_IDENTIFIER = yuelingkeji.git;
				PRODUCT_NAME = "$(TARGET_NAME)";
			};
			name = Debug;
		};
		4805AA931E5A9F8F00A10DEB /* Release */ = {
			isa = XCBuildConfiguration;
			buildSettings = {
				ASSETCATALOG_COMPILER_APPICON_NAME = AppIcon;
				INFOPLIST_FILE = git/Info.plist;
				LD_RUNPATH_SEARCH_PATHS = "$(inherited) @executable_path/Frameworks";
				PRODUCT_BUNDLE_IDENTIFIER = yuelingkeji.git;
				PRODUCT_NAME = "$(TARGET_NAME)";
			};
			name = Release;
		};
		4805AA951E5A9F8F00A10DEB /* Debug */ = {
			isa = XCBuildConfiguration;
			buildSettings = {
				BUNDLE_LOADER = "$(TEST_HOST)";
				INFOPLIST_FILE = gitTests/Info.plist;
				LD_RUNPATH_SEARCH_PATHS = "$(inherited) @executable_path/Frameworks @loader_path/Frameworks";
				PRODUCT_BUNDLE_IDENTIFIER = yuelingkeji.gitTests;
				PRODUCT_NAME = "$(TARGET_NAME)";
				TEST_HOST = "$(BUILT_PRODUCTS_DIR)/git.app/git";
			};
			name = Debug;
		};
		4805AA961E5A9F8F00A10DEB /* Release */ = {
			isa = XCBuildConfiguration;
			buildSettings = {
				BUNDLE_LOADER = "$(TEST_HOST)";
				INFOPLIST_FILE = gitTests/Info.plist;
				LD_RUNPATH_SEARCH_PATHS = "$(inherited) @executable_path/Frameworks @loader_path/Frameworks";
				PRODUCT_BUNDLE_IDENTIFIER = yuelingkeji.gitTests;
				PRODUCT_NAME = "$(TARGET_NAME)";
				TEST_HOST = "$(BUILT_PRODUCTS_DIR)/git.app/git";
			};
			name = Release;
		};
		4805AA981E5A9F8F00A10DEB /* Debug */ = {
			isa = XCBuildConfiguration;
			buildSettings = {
				INFOPLIST_FILE = gitUITests/Info.plist;
				LD_RUNPATH_SEARCH_PATHS = "$(inherited) @executable_path/Frameworks @loader_path/Frameworks";
				PRODUCT_BUNDLE_IDENTIFIER = yuelingkeji.gitUITests;
				PRODUCT_NAME = "$(TARGET_NAME)";
				TEST_TARGET_NAME = git;
				USES_XCTRUNNER = YES;
			};
			name = Debug;
		};
		4805AA991E5A9F8F00A10DEB /* Release */ = {
			isa = XCBuildConfiguration;
			buildSettings = {
				INFOPLIST_FILE = gitUITests/Info.plist;
				LD_RUNPATH_SEARCH_PATHS = "$(inherited) @executable_path/Frameworks @loader_path/Frameworks";
				PRODUCT_BUNDLE_IDENTIFIER = yuelingkeji.gitUITests;
				PRODUCT_NAME = "$(TARGET_NAME)";
				TEST_TARGET_NAME = git;
				USES_XCTRUNNER = YES;
			};
			name = Release;
		};
/* End XCBuildConfiguration section */

/* Begin XCConfigurationList section */
		4805AA5F1E5A9F8F00A10DEB /* Build configuration list for PBXProject "git" */ = {
			isa = XCConfigurationList;
			buildConfigurations = (
				4805AA8F1E5A9F8F00A10DEB /* Debug */,
				4805AA901E5A9F8F00A10DEB /* Release */,
			);
			defaultConfigurationIsVisible = 0;
			defaultConfigurationName = Release;
		};
		4805AA911E5A9F8F00A10DEB /* Build configuration list for PBXNativeTarget "git" */ = {
			isa = XCConfigurationList;
			buildConfigurations = (
				4805AA921E5A9F8F00A10DEB /* Debug */,
				4805AA931E5A9F8F00A10DEB /* Release */,
			);
			defaultConfigurationIsVisible = 0;
		};
		4805AA941E5A9F8F00A10DEB /* Build configuration list for PBXNativeTarget "gitTests" */ = {
			isa = XCConfigurationList;
			buildConfigurations = (
				4805AA951E5A9F8F00A10DEB /* Debug */,
				4805AA961E5A9F8F00A10DEB /* Release */,
			);
			defaultConfigurationIsVisible = 0;
		};
		4805AA971E5A9F8F00A10DEB /* Build configuration list for PBXNativeTarget "gitUITests" */ = {
			isa = XCConfigurationList;
			buildConfigurations = (
				4805AA981E5A9F8F00A10DEB /* Debug */,
				4805AA991E5A9F8F00A10DEB /* Release */,
			);
			defaultConfigurationIsVisible = 0;
		};
/* End XCConfigurationList section */
	};
	rootObject = 4805AA5C1E5A9F8F00A10DEB /* Project object */;
}
